# This file is generated by running "yarn install" inside your project.
# Manual changes might be lost - proceed with caution!

__metadata:
  version: 8
  cacheKey: 10c0

"@emnapi/core@npm:^1.1.0":
  version: 1.3.1
  resolution: "@emnapi/core@npm:1.3.1"
  dependencies:
    "@emnapi/wasi-threads": "npm:1.0.1"
    tslib: "npm:^2.4.0"
  checksum: 10c0/d3be1044ad704e2c486641bc18908523490f28c7d38bd12d9c1d4ce37d39dae6c4aecd2f2eaf44c6e3bd90eaf04e0591acc440b1b038cdf43cce078a355a0ea0
  languageName: node
  linkType: hard

"@emnapi/runtime@npm:^1.1.0":
  version: 1.3.1
  resolution: "@emnapi/runtime@npm:1.3.1"
  dependencies:
    tslib: "npm:^2.4.0"
  checksum: 10c0/060ffede50f1b619c15083312b80a9e62a5b0c87aa8c1b54854c49766c9d69f8d1d3d87bd963a647071263a320db41b25eaa50b74d6a80dcc763c23dbeaafd6c
  languageName: node
  linkType: hard

"@emnapi/wasi-threads@npm:1.0.1":
  version: 1.0.1
  resolution: "@emnapi/wasi-threads@npm:1.0.1"
  dependencies:
    tslib: "npm:^2.4.0"
  checksum: 10c0/1e0c8036b8d53e9b07cc9acf021705ef6c86ab6b13e1acda7fffaf541a2d3565072afb92597419173ced9ea14f6bf32fce149106e669b5902b825e8b499e5c6c
  languageName: node
  linkType: hard

"@napi-rs/wasm-runtime@npm:^0.2.4":
  version: 0.2.5
  resolution: "@napi-rs/wasm-runtime@npm:0.2.5"
  dependencies:
    "@emnapi/core": "npm:^1.1.0"
    "@emnapi/runtime": "npm:^1.1.0"
    "@tybys/wasm-util": "npm:^0.9.0"
  checksum: 10c0/32ea8defd3cc380bcf0de6ffc39a3b9cbe746f6c64000e0f0996a96dc776a7e87df7efeba5ce94e53d8b0ff2cda42f5a54673bdfeedbe8f037426255aba853f7
  languageName: node
  linkType: hard

"@oxc-resolver/binding-darwin-arm64@npm:1.12.0":
  version: 1.12.0
  resolution: "@oxc-resolver/binding-darwin-arm64@npm:1.12.0"
  conditions: os=darwin & cpu=arm64
  languageName: node
  linkType: hard

"@oxc-resolver/binding-darwin-x64@npm:1.12.0":
  version: 1.12.0
  resolution: "@oxc-resolver/binding-darwin-x64@npm:1.12.0"
  conditions: os=darwin & cpu=x64
  languageName: node
  linkType: hard

"@oxc-resolver/binding-freebsd-x64@npm:1.12.0":
  version: 1.12.0
  resolution: "@oxc-resolver/binding-freebsd-x64@npm:1.12.0"
  conditions: os=freebsd & cpu=x64
  languageName: node
  linkType: hard

"@oxc-resolver/binding-linux-arm-gnueabihf@npm:1.12.0":
  version: 1.12.0
  resolution: "@oxc-resolver/binding-linux-arm-gnueabihf@npm:1.12.0"
  conditions: os=linux & cpu=arm
  languageName: node
  linkType: hard

"@oxc-resolver/binding-linux-arm64-gnu@npm:1.12.0":
  version: 1.12.0
  resolution: "@oxc-resolver/binding-linux-arm64-gnu@npm:1.12.0"
  conditions: os=linux & cpu=arm64 & libc=glibc
  languageName: node
  linkType: hard

"@oxc-resolver/binding-linux-arm64-musl@npm:1.12.0":
  version: 1.12.0
  resolution: "@oxc-resolver/binding-linux-arm64-musl@npm:1.12.0"
  conditions: os=linux & cpu=arm64 & libc=musl
  languageName: node
  linkType: hard

"@oxc-resolver/binding-linux-x64-gnu@npm:1.12.0":
  version: 1.12.0
  resolution: "@oxc-resolver/binding-linux-x64-gnu@npm:1.12.0"
  conditions: os=linux & cpu=x64 & libc=glibc
  languageName: node
  linkType: hard

"@oxc-resolver/binding-linux-x64-musl@npm:1.12.0":
  version: 1.12.0
  resolution: "@oxc-resolver/binding-linux-x64-musl@npm:1.12.0"
  conditions: os=linux & cpu=x64 & libc=musl
  languageName: node
  linkType: hard

"@oxc-resolver/binding-wasm32-wasi@npm:1.12.0":
  version: 1.12.0
  resolution: "@oxc-resolver/binding-wasm32-wasi@npm:1.12.0"
  dependencies:
    "@napi-rs/wasm-runtime": "npm:^0.2.4"
  conditions: cpu=wasm32
  languageName: node
  linkType: hard

"@oxc-resolver/binding-win32-arm64-msvc@npm:1.12.0":
  version: 1.12.0
  resolution: "@oxc-resolver/binding-win32-arm64-msvc@npm:1.12.0"
  conditions: os=win32 & cpu=arm64
  languageName: node
  linkType: hard

"@oxc-resolver/binding-win32-x64-msvc@npm:1.12.0":
  version: 1.12.0
  resolution: "@oxc-resolver/binding-win32-x64-msvc@npm:1.12.0"
  conditions: os=win32 & cpu=x64
  languageName: node
  linkType: hard

"@oxc-transform/binding-darwin-arm64@npm:0.37.0":
  version: 0.37.0
  resolution: "@oxc-transform/binding-darwin-arm64@npm:0.37.0"
  conditions: os=darwin & cpu=arm64
  languageName: node
  linkType: hard

"@oxc-transform/binding-darwin-x64@npm:0.37.0":
  version: 0.37.0
  resolution: "@oxc-transform/binding-darwin-x64@npm:0.37.0"
  conditions: os=darwin & cpu=x64
  languageName: node
  linkType: hard

"@oxc-transform/binding-linux-arm64-gnu@npm:0.37.0":
  version: 0.37.0
  resolution: "@oxc-transform/binding-linux-arm64-gnu@npm:0.37.0"
  conditions: os=linux & cpu=arm64 & libc=glibc
  languageName: node
  linkType: hard

"@oxc-transform/binding-linux-arm64-musl@npm:0.37.0":
  version: 0.37.0
  resolution: "@oxc-transform/binding-linux-arm64-musl@npm:0.37.0"
  conditions: os=linux & cpu=arm64 & libc=musl
  languageName: node
  linkType: hard

"@oxc-transform/binding-linux-x64-gnu@npm:0.37.0":
  version: 0.37.0
  resolution: "@oxc-transform/binding-linux-x64-gnu@npm:0.37.0"
  conditions: os=linux & cpu=x64 & libc=glibc
  languageName: node
  linkType: hard

"@oxc-transform/binding-linux-x64-musl@npm:0.37.0":
  version: 0.37.0
  resolution: "@oxc-transform/binding-linux-x64-musl@npm:0.37.0"
  conditions: os=linux & cpu=x64 & libc=musl
  languageName: node
  linkType: hard

"@oxc-transform/binding-win32-arm64-msvc@npm:0.37.0":
  version: 0.37.0
  resolution: "@oxc-transform/binding-win32-arm64-msvc@npm:0.37.0"
  conditions: os=win32 & cpu=arm64
  languageName: node
  linkType: hard

"@oxc-transform/binding-win32-x64-msvc@npm:0.37.0":
  version: 0.37.0
  resolution: "@oxc-transform/binding-win32-x64-msvc@npm:0.37.0"
  conditions: os=win32 & cpu=x64
  languageName: node
  linkType: hard

"@swc-node/core@npm:^1.13.3":
  version: 1.13.3
  resolution: "@swc-node/core@npm:1.13.3"
  peerDependencies:
    "@swc/core": ">= 1.4.13"
    "@swc/types": ">= 0.1"
  checksum: 10c0/01f69d6124691569cedd2e6d0c6d3e33ab96d8fca6607780d64359c884750cfd77541e112e545cf37d9f0ee5fdccd57fbf9eb07cfd0ae26f8cca88c974e82e08
  languageName: node
  linkType: hard

"@swc-node/register@npm:^1.10.9":
  version: 1.10.9
  resolution: "@swc-node/register@npm:1.10.9"
  dependencies:
    "@swc-node/core": "npm:^1.13.3"
    "@swc-node/sourcemap-support": "npm:^0.5.1"
    colorette: "npm:^2.0.20"
    debug: "npm:^4.3.5"
    oxc-resolver: "npm:^1.10.2"
    pirates: "npm:^4.0.6"
    tslib: "npm:^2.6.3"
  peerDependencies:
    "@swc/core": ">= 1.4.13"
    typescript: ">= 4.3"
  checksum: 10c0/54cc40b200cd9dda881c59bfe163bed3f8790cb93befe4d0ac4c130ab9836a31edc32da856d72ab45573aeb26bb36072aa3a1a9f68547cbb5d76cff1df814d41
  languageName: node
  linkType: hard

"@swc-node/sourcemap-support@npm:^0.5.1":
  version: 0.5.1
  resolution: "@swc-node/sourcemap-support@npm:0.5.1"
  dependencies:
    source-map-support: "npm:^0.5.21"
    tslib: "npm:^2.6.3"
  checksum: 10c0/5ac7e701a0683e0e6760c8078d4bb2829daa78c4946dcc729c75588b87112afc7352f7c8cd90cea9417b5f7494418d374a354795344c4cf81152bce3d5a17853
  languageName: node
  linkType: hard

"@swc/core-darwin-arm64@npm:1.9.3":
  version: 1.9.3
  resolution: "@swc/core-darwin-arm64@npm:1.9.3"
  conditions: os=darwin & cpu=arm64
  languageName: node
  linkType: hard

"@swc/core-darwin-x64@npm:1.9.3":
  version: 1.9.3
  resolution: "@swc/core-darwin-x64@npm:1.9.3"
  conditions: os=darwin & cpu=x64
  languageName: node
  linkType: hard

"@swc/core-linux-arm-gnueabihf@npm:1.9.3":
  version: 1.9.3
  resolution: "@swc/core-linux-arm-gnueabihf@npm:1.9.3"
  conditions: os=linux & cpu=arm
  languageName: node
  linkType: hard

"@swc/core-linux-arm64-gnu@npm:1.9.3":
  version: 1.9.3
  resolution: "@swc/core-linux-arm64-gnu@npm:1.9.3"
  conditions: os=linux & cpu=arm64 & libc=glibc
  languageName: node
  linkType: hard

"@swc/core-linux-arm64-musl@npm:1.9.3":
  version: 1.9.3
  resolution: "@swc/core-linux-arm64-musl@npm:1.9.3"
  conditions: os=linux & cpu=arm64 & libc=musl
  languageName: node
  linkType: hard

"@swc/core-linux-x64-gnu@npm:1.9.3":
  version: 1.9.3
  resolution: "@swc/core-linux-x64-gnu@npm:1.9.3"
  conditions: os=linux & cpu=x64 & libc=glibc
  languageName: node
  linkType: hard

"@swc/core-linux-x64-musl@npm:1.9.3":
  version: 1.9.3
  resolution: "@swc/core-linux-x64-musl@npm:1.9.3"
  conditions: os=linux & cpu=x64 & libc=musl
  languageName: node
  linkType: hard

"@swc/core-win32-arm64-msvc@npm:1.9.3":
  version: 1.9.3
  resolution: "@swc/core-win32-arm64-msvc@npm:1.9.3"
  conditions: os=win32 & cpu=arm64
  languageName: node
  linkType: hard

"@swc/core-win32-ia32-msvc@npm:1.9.3":
  version: 1.9.3
  resolution: "@swc/core-win32-ia32-msvc@npm:1.9.3"
  conditions: os=win32 & cpu=ia32
  languageName: node
  linkType: hard

"@swc/core-win32-x64-msvc@npm:1.9.3":
  version: 1.9.3
  resolution: "@swc/core-win32-x64-msvc@npm:1.9.3"
  conditions: os=win32 & cpu=x64
  languageName: node
  linkType: hard

"@swc/core@npm:^1.9.3":
  version: 1.9.3
  resolution: "@swc/core@npm:1.9.3"
  dependencies:
    "@swc/core-darwin-arm64": "npm:1.9.3"
    "@swc/core-darwin-x64": "npm:1.9.3"
    "@swc/core-linux-arm-gnueabihf": "npm:1.9.3"
    "@swc/core-linux-arm64-gnu": "npm:1.9.3"
    "@swc/core-linux-arm64-musl": "npm:1.9.3"
    "@swc/core-linux-x64-gnu": "npm:1.9.3"
    "@swc/core-linux-x64-musl": "npm:1.9.3"
    "@swc/core-win32-arm64-msvc": "npm:1.9.3"
    "@swc/core-win32-ia32-msvc": "npm:1.9.3"
    "@swc/core-win32-x64-msvc": "npm:1.9.3"
    "@swc/counter": "npm:^0.1.3"
    "@swc/types": "npm:^0.1.17"
  peerDependencies:
    "@swc/helpers": "*"
  dependenciesMeta:
    "@swc/core-darwin-arm64":
      optional: true
    "@swc/core-darwin-x64":
      optional: true
    "@swc/core-linux-arm-gnueabihf":
      optional: true
    "@swc/core-linux-arm64-gnu":
      optional: true
    "@swc/core-linux-arm64-musl":
      optional: true
    "@swc/core-linux-x64-gnu":
      optional: true
    "@swc/core-linux-x64-musl":
      optional: true
    "@swc/core-win32-arm64-msvc":
      optional: true
    "@swc/core-win32-ia32-msvc":
      optional: true
    "@swc/core-win32-x64-msvc":
      optional: true
  peerDependenciesMeta:
    "@swc/helpers":
      optional: true
  checksum: 10c0/a9507a5be580518d51cf7f41821a89e1044be6f72930efbdf3877366c27e9ff1dbca3e1a7f18698679f8c345b6698f43cd80d7dfa24ba30dcab493de9b7a336e
  languageName: node
  linkType: hard

"@swc/counter@npm:^0.1.3":
  version: 0.1.3
  resolution: "@swc/counter@npm:0.1.3"
  checksum: 10c0/8424f60f6bf8694cfd2a9bca45845bce29f26105cda8cf19cdb9fd3e78dc6338699e4db77a89ae449260bafa1cc6bec307e81e7fb96dbf7dcfce0eea55151356
  languageName: node
  linkType: hard

"@swc/types@npm:^0.1.17":
  version: 0.1.17
  resolution: "@swc/types@npm:0.1.17"
  dependencies:
    "@swc/counter": "npm:^0.1.3"
  checksum: 10c0/29f5c8933a16042956f1adb7383e836ed7646cbf679826e78b53fdd0c08e8572cb42152e527b6b530a9bd1052d33d0972f90f589761ccd252c12652c9b7a72fc
  languageName: node
  linkType: hard

"@tybys/wasm-util@npm:^0.9.0":
  version: 0.9.0
  resolution: "@tybys/wasm-util@npm:0.9.0"
  dependencies:
    tslib: "npm:^2.4.0"
  checksum: 10c0/f9fde5c554455019f33af6c8215f1a1435028803dc2a2825b077d812bed4209a1a64444a4ca0ce2ea7e1175c8d88e2f9173a36a33c199e8a5c671aa31de8242d
  languageName: node
  linkType: hard

"@types/node@npm:^20":
  version: 20.17.6
  resolution: "@types/node@npm:20.17.6"
  dependencies:
    undici-types: "npm:~6.19.2"
  checksum: 10c0/5918c7ff8368bbe6d06d5e739c8ae41a9db41628f28760c60cda797be7d233406f07c4d0e6fdd960a0a342ec4173c2217eb6624e06bece21c1f1dd1b92805c15
  languageName: node
  linkType: hard

"buffer-from@npm:^1.0.0":
  version: 1.1.2
  resolution: "buffer-from@npm:1.1.2"
  checksum: 10c0/124fff9d66d691a86d3b062eff4663fe437a9d9ee4b47b1b9e97f5a5d14f6d5399345db80f796827be7c95e70a8e765dd404b7c3ff3b3324f98e9b0c8826cc34
  languageName: node
  linkType: hard

"colorette@npm:^2.0.20":
  version: 2.0.20
  resolution: "colorette@npm:2.0.20"
  checksum: 10c0/e94116ff33b0ff56f3b83b9ace895e5bf87c2a7a47b3401b8c3f3226e050d5ef76cf4072fb3325f9dc24d1698f9b730baf4e05eeaf861d74a1883073f4c98a40
  languageName: node
  linkType: hard

"debug@npm:^4.3.5":
  version: 4.3.7
  resolution: "debug@npm:4.3.7"
  dependencies:
    ms: "npm:^2.1.3"
  peerDependenciesMeta:
    supports-color:
      optional: true
  checksum: 10c0/1471db19c3b06d485a622d62f65947a19a23fbd0dd73f7fd3eafb697eec5360cde447fb075919987899b1a2096e85d35d4eb5a4de09a57600ac9cf7e6c8e768b
  languageName: node
  linkType: hard

"ms@npm:^2.1.3":
  version: 2.1.3
  resolution: "ms@npm:2.1.3"
  checksum: 10c0/d924b57e7312b3b63ad21fc5b3dc0af5e78d61a1fc7cfb5457edaf26326bf62be5307cc87ffb6862ef1c2b33b0233cdb5d4f01c4c958cc0d660948b65a287a48
  languageName: node
  linkType: hard

"oxc-playground@workspace:.":
  version: 0.0.0-use.local
  resolution: "oxc-playground@workspace:."
  dependencies:
    "@swc-node/register": "npm:^1.10.9"
    "@swc/core": "npm:^1.9.3"
    "@types/node": "npm:^20"
    oxc-transform: "npm:^0.37.0"
    typescript: "npm:^5.7.2"
  languageName: unknown
  linkType: soft

"oxc-resolver@npm:^1.10.2":
  version: 1.12.0
  resolution: "oxc-resolver@npm:1.12.0"
  dependencies:
    "@oxc-resolver/binding-darwin-arm64": "npm:1.12.0"
    "@oxc-resolver/binding-darwin-x64": "npm:1.12.0"
    "@oxc-resolver/binding-freebsd-x64": "npm:1.12.0"
    "@oxc-resolver/binding-linux-arm-gnueabihf": "npm:1.12.0"
    "@oxc-resolver/binding-linux-arm64-gnu": "npm:1.12.0"
    "@oxc-resolver/binding-linux-arm64-musl": "npm:1.12.0"
    "@oxc-resolver/binding-linux-x64-gnu": "npm:1.12.0"
    "@oxc-resolver/binding-linux-x64-musl": "npm:1.12.0"
    "@oxc-resolver/binding-wasm32-wasi": "npm:1.12.0"
    "@oxc-resolver/binding-win32-arm64-msvc": "npm:1.12.0"
    "@oxc-resolver/binding-win32-x64-msvc": "npm:1.12.0"
  dependenciesMeta:
    "@oxc-resolver/binding-darwin-arm64":
      optional: true
    "@oxc-resolver/binding-darwin-x64":
      optional: true
    "@oxc-resolver/binding-freebsd-x64":
      optional: true
    "@oxc-resolver/binding-linux-arm-gnueabihf":
      optional: true
    "@oxc-resolver/binding-linux-arm64-gnu":
      optional: true
    "@oxc-resolver/binding-linux-arm64-musl":
      optional: true
    "@oxc-resolver/binding-linux-x64-gnu":
      optional: true
    "@oxc-resolver/binding-linux-x64-musl":
      optional: true
    "@oxc-resolver/binding-wasm32-wasi":
      optional: true
    "@oxc-resolver/binding-win32-arm64-msvc":
      optional: true
    "@oxc-resolver/binding-win32-x64-msvc":
      optional: true
  checksum: 10c0/61c0b9c2f02ee91fe73e49f6d84b3e373d48aba5e86c25503369f5285d6d2d1be54b0f2026ce5d2f18acc5989f9232fa44371e7855baeb3bffbd9c0b93777dac
  languageName: node
  linkType: hard

"oxc-transform@npm:^0.37.0":
  version: 0.37.0
  resolution: "oxc-transform@npm:0.37.0"
  dependencies:
    "@oxc-transform/binding-darwin-arm64": "npm:0.37.0"
    "@oxc-transform/binding-darwin-x64": "npm:0.37.0"
    "@oxc-transform/binding-linux-arm64-gnu": "npm:0.37.0"
    "@oxc-transform/binding-linux-arm64-musl": "npm:0.37.0"
    "@oxc-transform/binding-linux-x64-gnu": "npm:0.37.0"
    "@oxc-transform/binding-linux-x64-musl": "npm:0.37.0"
    "@oxc-transform/binding-win32-arm64-msvc": "npm:0.37.0"
    "@oxc-transform/binding-win32-x64-msvc": "npm:0.37.0"
  dependenciesMeta:
    "@oxc-transform/binding-darwin-arm64":
      optional: true
    "@oxc-transform/binding-darwin-x64":
      optional: true
    "@oxc-transform/binding-linux-arm64-gnu":
      optional: true
    "@oxc-transform/binding-linux-arm64-musl":
      optional: true
    "@oxc-transform/binding-linux-x64-gnu":
      optional: true
    "@oxc-transform/binding-linux-x64-musl":
      optional: true
    "@oxc-transform/binding-win32-arm64-msvc":
      optional: true
    "@oxc-transform/binding-win32-x64-msvc":
      optional: true
  checksum: 10c0/4e654d624cea93357cab3f03967f5f18613433f58b74a3592fb9afd3c4a6d9a9815bb0b48e44579a45a6a42c02b2b1b8cc89b778b5612b4f320ae43f39890d1c
  languageName: node
  linkType: hard

"pirates@npm:^4.0.6":
  version: 4.0.6
  resolution: "pirates@npm:4.0.6"
  checksum: 10c0/00d5fa51f8dded94d7429700fb91a0c1ead00ae2c7fd27089f0c5b63e6eca36197fe46384631872690a66f390c5e27198e99006ab77ae472692ab9c2ca903f36
  languageName: node
  linkType: hard

"source-map-support@npm:^0.5.21":
  version: 0.5.21
  resolution: "source-map-support@npm:0.5.21"
  dependencies:
    buffer-from: "npm:^1.0.0"
    source-map: "npm:^0.6.0"
  checksum: 10c0/9ee09942f415e0f721d6daad3917ec1516af746a8120bba7bb56278707a37f1eb8642bde456e98454b8a885023af81a16e646869975f06afc1a711fb90484e7d
  languageName: node
  linkType: hard

"source-map@npm:^0.6.0":
  version: 0.6.1
  resolution: "source-map@npm:0.6.1"
  checksum: 10c0/ab55398007c5e5532957cb0beee2368529618ac0ab372d789806f5718123cc4367d57de3904b4e6a4170eb5a0b0f41373066d02ca0735a0c4d75c7d328d3e011
  languageName: node
  linkType: hard

"tslib@npm:^2.4.0, tslib@npm:^2.6.3":
  version: 2.8.1
  resolution: "tslib@npm:2.8.1"
  checksum: 10c0/9c4759110a19c53f992d9aae23aac5ced636e99887b51b9e61def52611732872ff7668757d4e4c61f19691e36f4da981cd9485e869b4a7408d689f6bf1f14e62
  languageName: node
  linkType: hard

"typescript@npm:^5.7.2":
  version: 5.7.2
  resolution: "typescript@npm:5.7.2"
  bin:
    tsc: bin/tsc
    tsserver: bin/tsserver
  checksum: 10c0/a873118b5201b2ef332127ef5c63fb9d9c155e6fdbe211cbd9d8e65877283797cca76546bad742eea36ed7efbe3424a30376818f79c7318512064e8625d61622
  languageName: node
  linkType: hard

"typescript@patch:typescript@npm%3A^5.7.2#optional!builtin<compat/typescript>":
  version: 5.7.2
  resolution: "typescript@patch:typescript@npm%3A5.7.2#optional!builtin<compat/typescript>::version=5.7.2&hash=5786d5"
  bin:
    tsc: bin/tsc
    tsserver: bin/tsserver
  checksum: 10c0/f3b8082c9d1d1629a215245c9087df56cb784f9fb6f27b5d55577a20e68afe2a889c040aacff6d27e35be165ecf9dca66e694c42eb9a50b3b2c451b36b5675cb
  languageName: node
  linkType: hard

"undici-types@npm:~6.19.2":
  version: 6.19.8
  resolution: "undici-types@npm:6.19.8"
  checksum: 10c0/078afa5990fba110f6824823ace86073b4638f1d5112ee26e790155f481f2a868cc3e0615505b6f4282bdf74a3d8caad715fd809e870c2bb0704e3ea6082f344
  languageName: node
  linkType: hard
